// !$*UTF8*$!
{
	archiveVersion = 1;
	classes = {
	};
	objectVersion = 46;
	objects = {

/* Begin PBXBuildFile section */
		0A1355ED1AEF67D400431F6A /* 175912-L.jpg in Resources */ = {isa = PBXBuildFile; fileRef = 0A1355791AEF67D400431F6A /* 175912-L.jpg */; };
		0A1355EE1AEF67D400431F6A /* 175913-L.jpg in Resources */ = {isa = PBXBuildFile; fileRef = 0A13557A1AEF67D400431F6A /* 175913-L.jpg */; };
		0A1355EF1AEF67D400431F6A /* 175916-L.jpg in Resources */ = {isa = PBXBuildFile; fileRef = 0A13557B1AEF67D400431F6A /* 175916-L.jpg */; };
		0A1355F01AEF67D400431F6A /* 175917-L.jpg in Resources */ = {isa = PBXBuildFile; fileRef = 0A13557C1AEF67D400431F6A /* 175917-L.jpg */; };
		0A1355F11AEF67D400431F6A /* 175919-L.jpg in Resources */ = {isa = PBXBuildFile; fileRef = 0A13557D1AEF67D400431F6A /* 175919-L.jpg */; };
		0A1355F21AEF67D400431F6A /* 267677-L.jpg in Resources */ = {isa = PBXBuildFile; fileRef = 0A13557F1AEF67D400431F6A /* 267677-L.jpg */; };
		0A1355F31AEF67D400431F6A /* 293538-L.jpg in Resources */ = {isa = PBXBuildFile; fileRef = 0A1355801AEF67D400431F6A /* 293538-L.jpg */; };
		0A1355F41AEF67D400431F6A /* 293539-L.jpg in Resources */ = {isa = PBXBuildFile; fileRef = 0A1355811AEF67D400431F6A /* 293539-L.jpg */; };
		0A1355F51AEF67D400431F6A /* 293543-L.jpg in Resources */ = {isa = PBXBuildFile; fileRef = 0A1355821AEF67D400431F6A /* 293543-L.jpg */; };
		0A1355F61AEF67D400431F6A /* Bridges.plist in Resources */ = {isa = PBXBuildFile; fileRef = 0A1355831AEF67D400431F6A /* Bridges.plist */; };
		0A1355F91AEF67D400431F6A /* 150700-L.jpg in Resources */ = {isa = PBXBuildFile; fileRef = 0A1355871AEF67D400431F6A /* 150700-L.jpg */; };
		0A1355FA1AEF67D400431F6A /* 176152-L.jpg in Resources */ = {isa = PBXBuildFile; fileRef = 0A1355881AEF67D400431F6A /* 176152-L.jpg */; };
		0A1355FB1AEF67D400431F6A /* 176156-L.jpg in Resources */ = {isa = PBXBuildFile; fileRef = 0A1355891AEF67D400431F6A /* 176156-L.jpg */; };
		0A1355FC1AEF67D400431F6A /* 176158-L.jpg in Resources */ = {isa = PBXBuildFile; fileRef = 0A13558A1AEF67D400431F6A /* 176158-L.jpg */; };
		0A1355FD1AEF67D400431F6A /* 176160-L.jpg in Resources */ = {isa = PBXBuildFile; fileRef = 0A13558B1AEF67D400431F6A /* 176160-L.jpg */; };
		0A1355FE1AEF67D400431F6A /* 190400-L.jpg in Resources */ = {isa = PBXBuildFile; fileRef = 0A13558D1AEF67D400431F6A /* 190400-L.jpg */; };
		0A1355FF1AEF67D400431F6A /* 190401-L.jpg in Resources */ = {isa = PBXBuildFile; fileRef = 0A13558E1AEF67D400431F6A /* 190401-L.jpg */; };
		0A1356001AEF67D400431F6A /* 190405-L.jpg in Resources */ = {isa = PBXBuildFile; fileRef = 0A13558F1AEF67D400431F6A /* 190405-L.jpg */; };
		0A1356011AEF67D400431F6A /* 190410-L.jpg in Resources */ = {isa = PBXBuildFile; fileRef = 0A1355901AEF67D400431F6A /* 190410-L.jpg */; };
		0A1356021AEF67D400431F6A /* 190413-L.jpg in Resources */ = {isa = PBXBuildFile; fileRef = 0A1355911AEF67D400431F6A /* 190413-L.jpg */; };
		0A1356031AEF67D400431F6A /* 155460-L.jpg in Resources */ = {isa = PBXBuildFile; fileRef = 0A1355931AEF67D400431F6A /* 155460-L.jpg */; };
		0A1356041AEF67D400431F6A /* 155461-L.jpg in Resources */ = {isa = PBXBuildFile; fileRef = 0A1355941AEF67D400431F6A /* 155461-L.jpg */; };
		0A1356051AEF67D400431F6A /* 155462-L.jpg in Resources */ = {isa = PBXBuildFile; fileRef = 0A1355951AEF67D400431F6A /* 155462-L.jpg */; };
		0A1356061AEF67D400431F6A /* 155463-L.jpg in Resources */ = {isa = PBXBuildFile; fileRef = 0A1355961AEF67D400431F6A /* 155463-L.jpg */; };
		0A1356071AEF67D400431F6A /* 166363-L.jpg in Resources */ = {isa = PBXBuildFile; fileRef = 0A1355981AEF67D400431F6A /* 166363-L.jpg */; };
		0A1356081AEF67D400431F6A /* 166364-L.jpg in Resources */ = {isa = PBXBuildFile; fileRef = 0A1355991AEF67D400431F6A /* 166364-L.jpg */; };
		0A1356091AEF67D400431F6A /* 166369-L.jpg in Resources */ = {isa = PBXBuildFile; fileRef = 0A13559A1AEF67D400431F6A /* 166369-L.jpg */; };
		0A13560A1AEF67D400431F6A /* 166370-L.jpg in Resources */ = {isa = PBXBuildFile; fileRef = 0A13559B1AEF67D400431F6A /* 166370-L.jpg */; };
		0A13560B1AEF67D400431F6A /* 166372-L.jpg in Resources */ = {isa = PBXBuildFile; fileRef = 0A13559C1AEF67D400431F6A /* 166372-L.jpg */; };
		0A13560C1AEF67D400431F6A /* 155429-L.jpg in Resources */ = {isa = PBXBuildFile; fileRef = 0A13559E1AEF67D400431F6A /* 155429-L.jpg */; };
		0A13560D1AEF67D400431F6A /* 155430-L.jpg in Resources */ = {isa = PBXBuildFile; fileRef = 0A13559F1AEF67D400431F6A /* 155430-L.jpg */; };
		0A13560E1AEF67D400431F6A /* 155432-L.jpg in Resources */ = {isa = PBXBuildFile; fileRef = 0A1355A01AEF67D400431F6A /* 155432-L.jpg */; };
		0A13560F1AEF67D400431F6A /* 155434-L.jpg in Resources */ = {isa = PBXBuildFile; fileRef = 0A1355A11AEF67D400431F6A /* 155434-L.jpg */; };
		0A1356101AEF67D400431F6A /* 571984cr.jpg in Resources */ = {isa = PBXBuildFile; fileRef = 0A1355A21AEF67D400431F6A /* 571984cr.jpg */; };
		0A1356111AEF67D400431F6A /* 175904-L.jpg in Resources */ = {isa = PBXBuildFile; fileRef = 0A1355A41AEF67D400431F6A /* 175904-L.jpg */; };
		0A1356121AEF67D400431F6A /* 175906-L.jpg in Resources */ = {isa = PBXBuildFile; fileRef = 0A1355A51AEF67D400431F6A /* 175906-L.jpg */; };
		0A1356131AEF67D400431F6A /* 175907-L.jpg in Resources */ = {isa = PBXBuildFile; fileRef = 0A1355A61AEF67D400431F6A /* 175907-L.jpg */; };
		0A1356141AEF67D400431F6A /* 175909-L.jpg in Resources */ = {isa = PBXBuildFile; fileRef = 0A1355A71AEF67D400431F6A /* 175909-L.jpg */; };
		0A1356151AEF67D400431F6A /* 175911-L.jpg in Resources */ = {isa = PBXBuildFile; fileRef = 0A1355A81AEF67D400431F6A /* 175911-L.jpg */; };
		0A1356161AEF67D400431F6A /* 166354-L.jpg in Resources */ = {isa = PBXBuildFile; fileRef = 0A1355AA1AEF67D400431F6A /* 166354-L.jpg */; };
		0A1356171AEF67D400431F6A /* 166355-L.jpg in Resources */ = {isa = PBXBuildFile; fileRef = 0A1355AB1AEF67D400431F6A /* 166355-L.jpg */; };
		0A1356181AEF67D400431F6A /* 166356-L.jpg in Resources */ = {isa = PBXBuildFile; fileRef = 0A1355AC1AEF67D400431F6A /* 166356-L.jpg */; };
		0A1356191AEF67D400431F6A /* 166358-L.jpg in Resources */ = {isa = PBXBuildFile; fileRef = 0A1355AD1AEF67D400431F6A /* 166358-L.jpg */; };
		0A13561A1AEF67D400431F6A /* 166359-L.jpg in Resources */ = {isa = PBXBuildFile; fileRef = 0A1355AE1AEF67D400431F6A /* 166359-L.jpg */; };
		0A13561B1AEF67D400431F6A /* 155407-L.jpg in Resources */ = {isa = PBXBuildFile; fileRef = 0A1355B01AEF67D400431F6A /* 155407-L.jpg */; };
		0A13561C1AEF67D400431F6A /* 155408-L.jpg in Resources */ = {isa = PBXBuildFile; fileRef = 0A1355B11AEF67D400431F6A /* 155408-L.jpg */; };
		0A13561D1AEF67D400431F6A /* 155409-L.jpg in Resources */ = {isa = PBXBuildFile; fileRef = 0A1355B21AEF67D400431F6A /* 155409-L.jpg */; };
		0A13561E1AEF67D400431F6A /* 264076-L.jpg in Resources */ = {isa = PBXBuildFile; fileRef = 0A1355B31AEF67D400431F6A /* 264076-L.jpg */; };
		0A13561F1AEF67D400431F6A /* 221021-L.jpg in Resources */ = {isa = PBXBuildFile; fileRef = 0A1355B51AEF67D400431F6A /* 221021-L.jpg */; };
		0A1356201AEF67D400431F6A /* 221022-L.jpg in Resources */ = {isa = PBXBuildFile; fileRef = 0A1355B61AEF67D400431F6A /* 221022-L.jpg */; };
		0A1356211AEF67D400431F6A /* 221023-L.jpg in Resources */ = {isa = PBXBuildFile; fileRef = 0A1355B71AEF67D400431F6A /* 221023-L.jpg */; };
		0A1356221AEF67D400431F6A /* 221031-L.jpg in Resources */ = {isa = PBXBuildFile; fileRef = 0A1355B81AEF67D400431F6A /* 221031-L.jpg */; };
		0A1356231AEF67D400431F6A /* 221037-L.jpg in Resources */ = {isa = PBXBuildFile; fileRef = 0A1355B91AEF67D400431F6A /* 221037-L.jpg */; };
		0A1356241AEF67D400431F6A /* 200181-L.jpg in Resources */ = {isa = PBXBuildFile; fileRef = 0A1355BB1AEF67D400431F6A /* 200181-L.jpg */; };
		0A1356251AEF67D400431F6A /* 200182-L.jpg in Resources */ = {isa = PBXBuildFile; fileRef = 0A1355BC1AEF67D400431F6A /* 200182-L.jpg */; };
		0A1356261AEF67D400431F6A /* 200184-L.jpg in Resources */ = {isa = PBXBuildFile; fileRef = 0A1355BD1AEF67D400431F6A /* 200184-L.jpg */; };
		0A1356271AEF67D400431F6A /* 200185-L.jpg in Resources */ = {isa = PBXBuildFile; fileRef = 0A1355BE1AEF67D400431F6A /* 200185-L.jpg */; };
		0A1356281AEF67D400431F6A /* 200188-L.jpg in Resources */ = {isa = PBXBuildFile; fileRef = 0A1355BF1AEF67D400431F6A /* 200188-L.jpg */; };
		0A1356291AEF67D400431F6A /* 166349-L.jpg in Resources */ = {isa = PBXBuildFile; fileRef = 0A1355C11AEF67D400431F6A /* 166349-L.jpg */; };
		0A13562A1AEF67D400431F6A /* 166350-L.jpg in Resources */ = {isa = PBXBuildFile; fileRef = 0A1355C21AEF67D400431F6A /* 166350-L.jpg */; };
		0A13562B1AEF67D400431F6A /* 166351-L.jpg in Resources */ = {isa = PBXBuildFile; fileRef = 0A1355C31AEF67D400431F6A /* 166351-L.jpg */; };
		0A13562C1AEF67D400431F6A /* 166352-L.jpg in Resources */ = {isa = PBXBuildFile; fileRef = 0A1355C41AEF67D400431F6A /* 166352-L.jpg */; };
		0A13562D1AEF67D400431F6A /* 166353-L.jpg in Resources */ = {isa = PBXBuildFile; fileRef = 0A1355C51AEF67D400431F6A /* 166353-L.jpg */; };
		0A13562E1AEF67D400431F6A /* 166414-L.jpg in Resources */ = {isa = PBXBuildFile; fileRef = 0A1355C71AEF67D400431F6A /* 166414-L.jpg */; };
		0A13562F1AEF67D400431F6A /* 175923-L.jpg in Resources */ = {isa = PBXBuildFile; fileRef = 0A1355C81AEF67D400431F6A /* 175923-L.jpg */; };
		0A1356301AEF67D400431F6A /* 175924-L.jpg in Resources */ = {isa = PBXBuildFile; fileRef = 0A1355C91AEF67D400431F6A /* 175924-L.jpg */; };
		0A1356311AEF67D400431F6A /* 175926-L.jpg in Resources */ = {isa = PBXBuildFile; fileRef = 0A1355CA1AEF67D400431F6A /* 175926-L.jpg */; };
		0A1356321AEF67D400431F6A /* 175927-L.jpg in Resources */ = {isa = PBXBuildFile; fileRef = 0A1355CB1AEF67D400431F6A /* 175927-L.jpg */; };
		0A1356331AEF67D400431F6A /* 155405-L.jpg in Resources */ = {isa = PBXBuildFile; fileRef = 0A1355CD1AEF67D400431F6A /* 155405-L.jpg */; };
		0A1356341AEF67D400431F6A /* 155406-L.jpg in Resources */ = {isa = PBXBuildFile; fileRef = 0A1355CE1AEF67D400431F6A /* 155406-L.jpg */; };
		0A1356351AEF67D400431F6A /* 223347-L.jpg in Resources */ = {isa = PBXBuildFile; fileRef = 0A1355CF1AEF67D400431F6A /* 223347-L.jpg */; };
		0A1356361AEF67D400431F6A /* 241649-L.jpg in Resources */ = {isa = PBXBuildFile; fileRef = 0A1355D01AEF67D400431F6A /* 241649-L.jpg */; };
		0A1356371AEF67D400431F6A /* 241651-L.jpg in Resources */ = {isa = PBXBuildFile; fileRef = 0A1355D11AEF67D400431F6A /* 241651-L.jpg */; };
		0A1356381AEF67D400431F6A /* 155439-L.jpg in Resources */ = {isa = PBXBuildFile; fileRef = 0A1355D31AEF67D400431F6A /* 155439-L.jpg */; };
		0A1356391AEF67D400431F6A /* 155441-L.jpg in Resources */ = {isa = PBXBuildFile; fileRef = 0A1355D41AEF67D400431F6A /* 155441-L.jpg */; };
		0A13563A1AEF67D400431F6A /* 155443-L.jpg in Resources */ = {isa = PBXBuildFile; fileRef = 0A1355D51AEF67D400431F6A /* 155443-L.jpg */; };
		0A13563B1AEF67D400431F6A /* 190476-L.jpg in Resources */ = {isa = PBXBuildFile; fileRef = 0A1355D71AEF67D400431F6A /* 190476-L.jpg */; };
		0A13563C1AEF67D400431F6A /* 190478-L.jpg in Resources */ = {isa = PBXBuildFile; fileRef = 0A1355D81AEF67D400431F6A /* 190478-L.jpg */; };
		0A13563D1AEF67D400431F6A /* 190482-L.jpg in Resources */ = {isa = PBXBuildFile; fileRef = 0A1355D91AEF67D400431F6A /* 190482-L.jpg */; };
		0A13563E1AEF67D400431F6A /* 190483-L.jpg in Resources */ = {isa = PBXBuildFile; fileRef = 0A1355DA1AEF67D400431F6A /* 190483-L.jpg */; };
		0A13563F1AEF67D400431F6A /* 190485-L.jpg in Resources */ = {isa = PBXBuildFile; fileRef = 0A1355DB1AEF67D400431F6A /* 190485-L.jpg */; };
		0A1356401AEF67D400431F6A /* 134990-L.jpg in Resources */ = {isa = PBXBuildFile; fileRef = 0A1355DD1AEF67D400431F6A /* 134990-L.jpg */; };
		0A1356411AEF67D400431F6A /* 134992-L.jpg in Resources */ = {isa = PBXBuildFile; fileRef = 0A1355DE1AEF67D400431F6A /* 134992-L.jpg */; };
		0A1356421AEF67D400431F6A /* 166361-L.jpg in Resources */ = {isa = PBXBuildFile; fileRef = 0A1355DF1AEF67D400431F6A /* 166361-L.jpg */; };
		0A1356431AEF67D400431F6A /* 175899-L.jpg in Resources */ = {isa = PBXBuildFile; fileRef = 0A1355E01AEF67D400431F6A /* 175899-L.jpg */; };
		0A1356441AEF67D400431F6A /* 175900-L.jpg in Resources */ = {isa = PBXBuildFile; fileRef = 0A1355E11AEF67D400431F6A /* 175900-L.jpg */; };
		0A1356451AEF67D400431F6A /* 155444-L.jpg in Resources */ = {isa = PBXBuildFile; fileRef = 0A1355E31AEF67D400431F6A /* 155444-L.jpg */; };
		0A1356461AEF67D400431F6A /* 155447-L.jpg in Resources */ = {isa = PBXBuildFile; fileRef = 0A1355E41AEF67D400431F6A /* 155447-L.jpg */; };
		0A1356471AEF67D400431F6A /* 155448-L.jpg in Resources */ = {isa = PBXBuildFile; fileRef = 0A1355E51AEF67D400431F6A /* 155448-L.jpg */; };
		0A1356481AEF67D400431F6A /* 155449-L.jpg in Resources */ = {isa = PBXBuildFile; fileRef = 0A1355E61AEF67D400431F6A /* 155449-L.jpg */; };
		0A1356491AEF67D400431F6A /* 200197-L.jpg in Resources */ = {isa = PBXBuildFile; fileRef = 0A1355E81AEF67D400431F6A /* 200197-L.jpg */; };
		0A13564A1AEF67D400431F6A /* 200199-L.jpg in Resources */ = {isa = PBXBuildFile; fileRef = 0A1355E91AEF67D400431F6A /* 200199-L.jpg */; };
		0A13564B1AEF67D400431F6A /* 200200-L.jpg in Resources */ = {isa = PBXBuildFile; fileRef = 0A1355EA1AEF67D400431F6A /* 200200-L.jpg */; };
		0A13564C1AEF67D400431F6A /* 200201-L.jpg in Resources */ = {isa = PBXBuildFile; fileRef = 0A1355EB1AEF67D400431F6A /* 200201-L.jpg */; };
		0A13564D1AEF67D400431F6A /* 200202-L.jpg in Resources */ = {isa = PBXBuildFile; fileRef = 0A1355EC1AEF67D400431F6A /* 200202-L.jpg */; };
		0A1356501AEF6C0A00431F6A /* BridgeTableViewCell.m in Sources */ = {isa = PBXBuildFile; fileRef = 0A13564F1AEF6C0A00431F6A /* BridgeTableViewCell.m */; };
		0A1356531AEF6FBF00431F6A /* BridgeDetailViewController.m in Sources */ = {isa = PBXBuildFile; fileRef = 0A1356521AEF6FBF00431F6A /* BridgeDetailViewController.m */; };
		0A5F0D691AEF4220003202AD /* main.m in Sources */ = {isa = PBXBuildFile; fileRef = 0A5F0D681AEF4220003202AD /* main.m */; };
		0A5F0D6C1AEF4220003202AD /* AppDelegate.m in Sources */ = {isa = PBXBuildFile; fileRef = 0A5F0D6B1AEF4220003202AD /* AppDelegate.m */; };
		0A5F0D721AEF4220003202AD /* Main.storyboard in Resources */ = {isa = PBXBuildFile; fileRef = 0A5F0D701AEF4220003202AD /* Main.storyboard */; };
		0A5F0D741AEF4220003202AD /* Images.xcassets in Resources */ = {isa = PBXBuildFile; fileRef = 0A5F0D731AEF4220003202AD /* Images.xcassets */; };
		0A5F0D771AEF4220003202AD /* LaunchScreen.xib in Resources */ = {isa = PBXBuildFile; fileRef = 0A5F0D751AEF4220003202AD /* LaunchScreen.xib */; };
		0A5F0D831AEF4221003202AD /* BridgesTests.m in Sources */ = {isa = PBXBuildFile; fileRef = 0A5F0D821AEF4221003202AD /* BridgesTests.m */; };
		0A5F0F601AEF4C61003202AD /* Bridge.m in Sources */ = {isa = PBXBuildFile; fileRef = 0A5F0F5F1AEF4C61003202AD /* Bridge.m */; };
		0A5F0F621AEF4CD4003202AD /* MapKit.framework in Frameworks */ = {isa = PBXBuildFile; fileRef = 0A5F0F611AEF4CD4003202AD /* MapKit.framework */; };
		0A5F0F651AEF51F1003202AD /* BridgeIndexViewController.m in Sources */ = {isa = PBXBuildFile; fileRef = 0A5F0F641AEF51F1003202AD /* BridgeIndexViewController.m */; };
/* End PBXBuildFile section */

/* Begin PBXContainerItemProxy section */
		0A5F0D7D1AEF4221003202AD /* PBXContainerItemProxy */ = {
			isa = PBXContainerItemProxy;
			containerPortal = 0A5F0D5B1AEF4220003202AD /* Project object */;
			proxyType = 1;
			remoteGlobalIDString = 0A5F0D621AEF4220003202AD;
			remoteInfo = Bridges;
		};
/* End PBXContainerItemProxy section */

/* Begin PBXFileReference section */
		0A1355791AEF67D400431F6A /* 175912-L.jpg */ = {isa = PBXFileReference; lastKnownFileType = image.jpeg; path = "175912-L.jpg"; sourceTree = "<group>"; };
		0A13557A1AEF67D400431F6A /* 175913-L.jpg */ = {isa = PBXFileReference; lastKnownFileType = image.jpeg; path = "175913-L.jpg"; sourceTree = "<group>"; };
		0A13557B1AEF67D400431F6A /* 175916-L.jpg */ = {isa = PBXFileReference; lastKnownFileType = image.jpeg; path = "175916-L.jpg"; sourceTree = "<group>"; };
		0A13557C1AEF67D400431F6A /* 175917-L.jpg */ = {isa = PBXFileReference; lastKnownFileType = image.jpeg; path = "175917-L.jpg"; sourceTree = "<group>"; };
		0A13557D1AEF67D400431F6A /* 175919-L.jpg */ = {isa = PBXFileReference; lastKnownFileType = image.jpeg; path = "175919-L.jpg"; sourceTree = "<group>"; };
		0A13557F1AEF67D400431F6A /* 267677-L.jpg */ = {isa = PBXFileReference; lastKnownFileType = image.jpeg; path = "267677-L.jpg"; sourceTree = "<group>"; };
		0A1355801AEF67D400431F6A /* 293538-L.jpg */ = {isa = PBXFileReference; lastKnownFileType = image.jpeg; path = "293538-L.jpg"; sourceTree = "<group>"; };
		0A1355811AEF67D400431F6A /* 293539-L.jpg */ = {isa = PBXFileReference; lastKnownFileType = image.jpeg; path = "293539-L.jpg"; sourceTree = "<group>"; };
		0A1355821AEF67D400431F6A /* 293543-L.jpg */ = {isa = PBXFileReference; lastKnownFileType = image.jpeg; path = "293543-L.jpg"; sourceTree = "<group>"; };
		0A1355831AEF67D400431F6A /* Bridges.plist */ = {isa = PBXFileReference; fileEncoding = 4; lastKnownFileType = text.plist.xml; path = Bridges.plist; sourceTree = "<group>"; };
		0A1355871AEF67D400431F6A /* 150700-L.jpg */ = {isa = PBXFileReference; lastKnownFileType = image.jpeg; path = "150700-L.jpg"; sourceTree = "<group>"; };
		0A1355881AEF67D400431F6A /* 176152-L.jpg */ = {isa = PBXFileReference; lastKnownFileType = image.jpeg; path = "176152-L.jpg"; sourceTree = "<group>"; };
		0A1355891AEF67D400431F6A /* 176156-L.jpg */ = {isa = PBXFileReference; lastKnownFileType = image.jpeg; path = "176156-L.jpg"; sourceTree = "<group>"; };
		0A13558A1AEF67D400431F6A /* 176158-L.jpg */ = {isa = PBXFileReference; lastKnownFileType = image.jpeg; path = "176158-L.jpg"; sourceTree = "<group>"; };
		0A13558B1AEF67D400431F6A /* 176160-L.jpg */ = {isa = PBXFileReference; lastKnownFileType = image.jpeg; path = "176160-L.jpg"; sourceTree = "<group>"; };
		0A13558D1AEF67D400431F6A /* 190400-L.jpg */ = {isa = PBXFileReference; lastKnownFileType = image.jpeg; path = "190400-L.jpg"; sourceTree = "<group>"; };
		0A13558E1AEF67D400431F6A /* 190401-L.jpg */ = {isa = PBXFileReference; lastKnownFileType = image.jpeg; path = "190401-L.jpg"; sourceTree = "<group>"; };
		0A13558F1AEF67D400431F6A /* 190405-L.jpg */ = {isa = PBXFileReference; lastKnownFileType = image.jpeg; path = "190405-L.jpg"; sourceTree = "<group>"; };
		0A1355901AEF67D400431F6A /* 190410-L.jpg */ = {isa = PBXFileReference; lastKnownFileType = image.jpeg; path = "190410-L.jpg"; sourceTree = "<group>"; };
		0A1355911AEF67D400431F6A /* 190413-L.jpg */ = {isa = PBXFileReference; lastKnownFileType = image.jpeg; path = "190413-L.jpg"; sourceTree = "<group>"; };
		0A1355931AEF67D400431F6A /* 155460-L.jpg */ = {isa = PBXFileReference; lastKnownFileType = image.jpeg; path = "155460-L.jpg"; sourceTree = "<group>"; };
		0A1355941AEF67D400431F6A /* 155461-L.jpg */ = {isa = PBXFileReference; lastKnownFileType = image.jpeg; path = "155461-L.jpg"; sourceTree = "<group>"; };
		0A1355951AEF67D400431F6A /* 155462-L.jpg */ = {isa = PBXFileReference; lastKnownFileType = image.jpeg; path = "155462-L.jpg"; sourceTree = "<group>"; };
		0A1355961AEF67D400431F6A /* 155463-L.jpg */ = {isa = PBXFileReference; lastKnownFileType = image.jpeg; path = "155463-L.jpg"; sourceTree = "<group>"; };
		0A1355981AEF67D400431F6A /* 166363-L.jpg */ = {isa = PBXFileReference; lastKnownFileType = image.jpeg; path = "166363-L.jpg"; sourceTree = "<group>"; };
		0A1355991AEF67D400431F6A /* 166364-L.jpg */ = {isa = PBXFileReference; lastKnownFileType = image.jpeg; path = "166364-L.jpg"; sourceTree = "<group>"; };
		0A13559A1AEF67D400431F6A /* 166369-L.jpg */ = {isa = PBXFileReference; lastKnownFileType = image.jpeg; path = "166369-L.jpg"; sourceTree = "<group>"; };
		0A13559B1AEF67D400431F6A /* 166370-L.jpg */ = {isa = PBXFileReference; lastKnownFileType = image.jpeg; path = "166370-L.jpg"; sourceTree = "<group>"; };
		0A13559C1AEF67D400431F6A /* 166372-L.jpg */ = {isa = PBXFileReference; lastKnownFileType = image.jpeg; path = "166372-L.jpg"; sourceTree = "<group>"; };
		0A13559E1AEF67D400431F6A /* 155429-L.jpg */ = {isa = PBXFileReference; lastKnownFileType = image.jpeg; path = "155429-L.jpg"; sourceTree = "<group>"; };
		0A13559F1AEF67D400431F6A /* 155430-L.jpg */ = {isa = PBXFileReference; lastKnownFileType = image.jpeg; path = "155430-L.jpg"; sourceTree = "<group>"; };
		0A1355A01AEF67D400431F6A /* 155432-L.jpg */ = {isa = PBXFileReference; lastKnownFileType = image.jpeg; path = "155432-L.jpg"; sourceTree = "<group>"; };
		0A1355A11AEF67D400431F6A /* 155434-L.jpg */ = {isa = PBXFileReference; lastKnownFileType = image.jpeg; path = "155434-L.jpg"; sourceTree = "<group>"; };
		0A1355A21AEF67D400431F6A /* 571984cr.jpg */ = {isa = PBXFileReference; lastKnownFileType = image.jpeg; path = 571984cr.jpg; sourceTree = "<group>"; };
		0A1355A41AEF67D400431F6A /* 175904-L.jpg */ = {isa = PBXFileReference; lastKnownFileType = image.jpeg; path = "175904-L.jpg"; sourceTree = "<group>"; };
		0A1355A51AEF67D400431F6A /* 175906-L.jpg */ = {isa = PBXFileReference; lastKnownFileType = image.jpeg; path = "175906-L.jpg"; sourceTree = "<group>"; };
		0A1355A61AEF67D400431F6A /* 175907-L.jpg */ = {isa = PBXFileReference; lastKnownFileType = image.jpeg; path = "175907-L.jpg"; sourceTree = "<group>"; };
		0A1355A71AEF67D400431F6A /* 175909-L.jpg */ = {isa = PBXFileReference; lastKnownFileType = image.jpeg; path = "175909-L.jpg"; sourceTree = "<group>"; };
		0A1355A81AEF67D400431F6A /* 175911-L.jpg */ = {isa = PBXFileReference; lastKnownFileType = image.jpeg; path = "175911-L.jpg"; sourceTree = "<group>"; };
		0A1355AA1AEF67D400431F6A /* 166354-L.jpg */ = {isa = PBXFileReference; lastKnownFileType = image.jpeg; path = "166354-L.jpg"; sourceTree = "<group>"; };
		0A1355AB1AEF67D400431F6A /* 166355-L.jpg */ = {isa = PBXFileReference; lastKnownFileType = image.jpeg; path = "166355-L.jpg"; sourceTree = "<group>"; };
		0A1355AC1AEF67D400431F6A /* 166356-L.jpg */ = {isa = PBXFileReference; lastKnownFileType = image.jpeg; path = "166356-L.jpg"; sourceTree = "<group>"; };
		0A1355AD1AEF67D400431F6A /* 166358-L.jpg */ = {isa = PBXFileReference; lastKnownFileType = image.jpeg; path = "166358-L.jpg"; sourceTree = "<group>"; };
		0A1355AE1AEF67D400431F6A /* 166359-L.jpg */ = {isa = PBXFileReference; lastKnownFileType = image.jpeg; path = "166359-L.jpg"; sourceTree = "<group>"; };
		0A1355B01AEF67D400431F6A /* 155407-L.jpg */ = {isa = PBXFileReference; lastKnownFileType = image.jpeg; path = "155407-L.jpg"; sourceTree = "<group>"; };
		0A1355B11AEF67D400431F6A /* 155408-L.jpg */ = {isa = PBXFileReference; lastKnownFileType = image.jpeg; path = "155408-L.jpg"; sourceTree = "<group>"; };
		0A1355B21AEF67D400431F6A /* 155409-L.jpg */ = {isa = PBXFileReference; lastKnownFileType = image.jpeg; path = "155409-L.jpg"; sourceTree = "<group>"; };
		0A1355B31AEF67D400431F6A /* 264076-L.jpg */ = {isa = PBXFileReference; lastKnownFileType = image.jpeg; path = "264076-L.jpg"; sourceTree = "<group>"; };
		0A1355B51AEF67D400431F6A /* 221021-L.jpg */ = {isa = PBXFileReference; lastKnownFileType = image.jpeg; path = "221021-L.jpg"; sourceTree = "<group>"; };
		0A1355B61AEF67D400431F6A /* 221022-L.jpg */ = {isa = PBXFileReference; lastKnownFileType = image.jpeg; path = "221022-L.jpg"; sourceTree = "<group>"; };
		0A1355B71AEF67D400431F6A /* 221023-L.jpg */ = {isa = PBXFileReference; lastKnownFileType = image.jpeg; path = "221023-L.jpg"; sourceTree = "<group>"; };
		0A1355B81AEF67D400431F6A /* 221031-L.jpg */ = {isa = PBXFileReference; lastKnownFileType = image.jpeg; path = "221031-L.jpg"; sourceTree = "<group>"; };
		0A1355B91AEF67D400431F6A /* 221037-L.jpg */ = {isa = PBXFileReference; lastKnownFileType = image.jpeg; path = "221037-L.jpg"; sourceTree = "<group>"; };
		0A1355BB1AEF67D400431F6A /* 200181-L.jpg */ = {isa = PBXFileReference; lastKnownFileType = image.jpeg; path = "200181-L.jpg"; sourceTree = "<group>"; };
		0A1355BC1AEF67D400431F6A /* 200182-L.jpg */ = {isa = PBXFileReference; lastKnownFileType = image.jpeg; path = "200182-L.jpg"; sourceTree = "<group>"; };
		0A1355BD1AEF67D400431F6A /* 200184-L.jpg */ = {isa = PBXFileReference; lastKnownFileType = image.jpeg; path = "200184-L.jpg"; sourceTree = "<group>"; };
		0A1355BE1AEF67D400431F6A /* 200185-L.jpg */ = {isa = PBXFileReference; lastKnownFileType = image.jpeg; path = "200185-L.jpg"; sourceTree = "<group>"; };
		0A1355BF1AEF67D400431F6A /* 200188-L.jpg */ = {isa = PBXFileReference; lastKnownFileType = image.jpeg; path = "200188-L.jpg"; sourceTree = "<group>"; };
		0A1355C11AEF67D400431F6A /* 166349-L.jpg */ = {isa = PBXFileReference; lastKnownFileType = image.jpeg; path = "166349-L.jpg"; sourceTree = "<group>"; };
		0A1355C21AEF67D400431F6A /* 166350-L.jpg */ = {isa = PBXFileReference; lastKnownFileType = image.jpeg; path = "166350-L.jpg"; sourceTree = "<group>"; };
		0A1355C31AEF67D400431F6A /* 166351-L.jpg */ = {isa = PBXFileReference; lastKnownFileType = image.jpeg; path = "166351-L.jpg"; sourceTree = "<group>"; };
		0A1355C41AEF67D400431F6A /* 166352-L.jpg */ = {isa = PBXFileReference; lastKnownFileType = image.jpeg; path = "166352-L.jpg"; sourceTree = "<group>"; };
		0A1355C51AEF67D400431F6A /* 166353-L.jpg */ = {isa = PBXFileReference; lastKnownFileType = image.jpeg; path = "166353-L.jpg"; sourceTree = "<group>"; };
		0A1355C71AEF67D400431F6A /* 166414-L.jpg */ = {isa = PBXFileReference; lastKnownFileType = image.jpeg; path = "166414-L.jpg"; sourceTree = "<group>"; };
		0A1355C81AEF67D400431F6A /* 175923-L.jpg */ = {isa = PBXFileReference; lastKnownFileType = image.jpeg; path = "175923-L.jpg"; sourceTree = "<group>"; };
		0A1355C91AEF67D400431F6A /* 175924-L.jpg */ = {isa = PBXFileReference; lastKnownFileType = image.jpeg; path = "175924-L.jpg"; sourceTree = "<group>"; };
		0A1355CA1AEF67D400431F6A /* 175926-L.jpg */ = {isa = PBXFileReference; lastKnownFileType = image.jpeg; path = "175926-L.jpg"; sourceTree = "<group>"; };
		0A1355CB1AEF67D400431F6A /* 175927-L.jpg */ = {isa = PBXFileReference; lastKnownFileType = image.jpeg; path = "175927-L.jpg"; sourceTree = "<group>"; };
		0A1355CD1AEF67D400431F6A /* 155405-L.jpg */ = {isa = PBXFileReference; lastKnownFileType = image.jpeg; path = "155405-L.jpg"; sourceTree = "<group>"; };
		0A1355CE1AEF67D400431F6A /* 155406-L.jpg */ = {isa = PBXFileReference; lastKnownFileType = image.jpeg; path = "155406-L.jpg"; sourceTree = "<group>"; };
		0A1355CF1AEF67D400431F6A /* 223347-L.jpg */ = {isa = PBXFileReference; lastKnownFileType = image.jpeg; path = "223347-L.jpg"; sourceTree = "<group>"; };
		0A1355D01AEF67D400431F6A /* 241649-L.jpg */ = {isa = PBXFileReference; lastKnownFileType = image.jpeg; path = "241649-L.jpg"; sourceTree = "<group>"; };
		0A1355D11AEF67D400431F6A /* 241651-L.jpg */ = {isa = PBXFileReference; lastKnownFileType = image.jpeg; path = "241651-L.jpg"; sourceTree = "<group>"; };
		0A1355D31AEF67D400431F6A /* 155439-L.jpg */ = {isa = PBXFileReference; lastKnownFileType = image.jpeg; path = "155439-L.jpg"; sourceTree = "<group>"; };
		0A1355D41AEF67D400431F6A /* 155441-L.jpg */ = {isa = PBXFileReference; lastKnownFileType = image.jpeg; path = "155441-L.jpg"; sourceTree = "<group>"; };
		0A1355D51AEF67D400431F6A /* 155443-L.jpg */ = {isa = PBXFileReference; lastKnownFileType = image.jpeg; path = "155443-L.jpg"; sourceTree = "<group>"; };
		0A1355D71AEF67D400431F6A /* 190476-L.jpg */ = {isa = PBXFileReference; lastKnownFileType = image.jpeg; path = "190476-L.jpg"; sourceTree = "<group>"; };
		0A1355D81AEF67D400431F6A /* 190478-L.jpg */ = {isa = PBXFileReference; lastKnownFileType = image.jpeg; path = "190478-L.jpg"; sourceTree = "<group>"; };
		0A1355D91AEF67D400431F6A /* 190482-L.jpg */ = {isa = PBXFileReference; lastKnownFileType = image.jpeg; path = "190482-L.jpg"; sourceTree = "<group>"; };
		0A1355DA1AEF67D400431F6A /* 190483-L.jpg */ = {isa = PBXFileReference; lastKnownFileType = image.jpeg; path = "190483-L.jpg"; sourceTree = "<group>"; };
		0A1355DB1AEF67D400431F6A /* 190485-L.jpg */ = {isa = PBXFileReference; lastKnownFileType = image.jpeg; path = "190485-L.jpg"; sourceTree = "<group>"; };
		0A1355DD1AEF67D400431F6A /* 134990-L.jpg */ = {isa = PBXFileReference; lastKnownFileType = image.jpeg; path = "134990-L.jpg"; sourceTree = "<group>"; };
		0A1355DE1AEF67D400431F6A /* 134992-L.jpg */ = {isa = PBXFileReference; lastKnownFileType = image.jpeg; path = "134992-L.jpg"; sourceTree = "<group>"; };
		0A1355DF1AEF67D400431F6A /* 166361-L.jpg */ = {isa = PBXFileReference; lastKnownFileType = image.jpeg; path = "166361-L.jpg"; sourceTree = "<group>"; };
		0A1355E01AEF67D400431F6A /* 175899-L.jpg */ = {isa = PBXFileReference; lastKnownFileType = image.jpeg; path = "175899-L.jpg"; sourceTree = "<group>"; };
		0A1355E11AEF67D400431F6A /* 175900-L.jpg */ = {isa = PBXFileReference; lastKnownFileType = image.jpeg; path = "175900-L.jpg"; sourceTree = "<group>"; };
		0A1355E31AEF67D400431F6A /* 155444-L.jpg */ = {isa = PBXFileReference; lastKnownFileType = image.jpeg; path = "155444-L.jpg"; sourceTree = "<group>"; };
		0A1355E41AEF67D400431F6A /* 155447-L.jpg */ = {isa = PBXFileReference; lastKnownFileType = image.jpeg; path = "155447-L.jpg"; sourceTree = "<group>"; };
		0A1355E51AEF67D400431F6A /* 155448-L.jpg */ = {isa = PBXFileReference; lastKnownFileType = image.jpeg; path = "155448-L.jpg"; sourceTree = "<group>"; };
		0A1355E61AEF67D400431F6A /* 155449-L.jpg */ = {isa = PBXFileReference; lastKnownFileType = image.jpeg; path = "155449-L.jpg"; sourceTree = "<group>"; };
		0A1355E81AEF67D400431F6A /* 200197-L.jpg */ = {isa = PBXFileReference; lastKnownFileType = image.jpeg; path = "200197-L.jpg"; sourceTree = "<group>"; };
		0A1355E91AEF67D400431F6A /* 200199-L.jpg */ = {isa = PBXFileReference; lastKnownFileType = image.jpeg; path = "200199-L.jpg"; sourceTree = "<group>"; };
		0A1355EA1AEF67D400431F6A /* 200200-L.jpg */ = {isa = PBXFileReference; lastKnownFileType = image.jpeg; path = "200200-L.jpg"; sourceTree = "<group>"; };
		0A1355EB1AEF67D400431F6A /* 200201-L.jpg */ = {isa = PBXFileReference; lastKnownFileType = image.jpeg; path = "200201-L.jpg"; sourceTree = "<group>"; };
		0A1355EC1AEF67D400431F6A /* 200202-L.jpg */ = {isa = PBXFileReference; lastKnownFileType = image.jpeg; path = "200202-L.jpg"; sourceTree = "<group>"; };
		0A13564E1AEF6C0A00431F6A /* BridgeTableViewCell.h */ = {isa = PBXFileReference; fileEncoding = 4; lastKnownFileType = sourcecode.c.h; path = BridgeTableViewCell.h; sourceTree = "<group>"; };
		0A13564F1AEF6C0A00431F6A /* BridgeTableViewCell.m */ = {isa = PBXFileReference; fileEncoding = 4; lastKnownFileType = sourcecode.c.objc; path = BridgeTableViewCell.m; sourceTree = "<group>"; };
		0A1356511AEF6FBF00431F6A /* BridgeDetailViewController.h */ = {isa = PBXFileReference; fileEncoding = 4; lastKnownFileType = sourcecode.c.h; path = BridgeDetailViewController.h; sourceTree = "<group>"; };
		0A1356521AEF6FBF00431F6A /* BridgeDetailViewController.m */ = {isa = PBXFileReference; fileEncoding = 4; lastKnownFileType = sourcecode.c.objc; path = BridgeDetailViewController.m; sourceTree = "<group>"; };
		0A5F0D631AEF4220003202AD /* Bridges.app */ = {isa = PBXFileReference; explicitFileType = wrapper.application; includeInIndex = 0; path = Bridges.app; sourceTree = BUILT_PRODUCTS_DIR; };
		0A5F0D671AEF4220003202AD /* Info.plist */ = {isa = PBXFileReference; lastKnownFileType = text.plist.xml; path = Info.plist; sourceTree = "<group>"; };
		0A5F0D681AEF4220003202AD /* main.m */ = {isa = PBXFileReference; lastKnownFileType = sourcecode.c.objc; path = main.m; sourceTree = "<group>"; };
		0A5F0D6A1AEF4220003202AD /* AppDelegate.h */ = {isa = PBXFileReference; lastKnownFileType = sourcecode.c.h; path = AppDelegate.h; sourceTree = "<group>"; };
		0A5F0D6B1AEF4220003202AD /* AppDelegate.m */ = {isa = PBXFileReference; lastKnownFileType = sourcecode.c.objc; path = AppDelegate.m; sourceTree = "<group>"; };
		0A5F0D711AEF4220003202AD /* Base */ = {isa = PBXFileReference; lastKnownFileType = file.storyboard; name = Base; path = Base.lproj/Main.storyboard; sourceTree = "<group>"; };
		0A5F0D731AEF4220003202AD /* Images.xcassets */ = {isa = PBXFileReference; lastKnownFileType = folder.assetcatalog; path = Images.xcassets; sourceTree = "<group>"; };
		0A5F0D761AEF4220003202AD /* Base */ = {isa = PBXFileReference; lastKnownFileType = file.xib; name = Base; path = Base.lproj/LaunchScreen.xib; sourceTree = "<group>"; };
		0A5F0D7C1AEF4221003202AD /* BridgesTests.xctest */ = {isa = PBXFileReference; explicitFileType = wrapper.cfbundle; includeInIndex = 0; path = BridgesTests.xctest; sourceTree = BUILT_PRODUCTS_DIR; };
		0A5F0D811AEF4221003202AD /* Info.plist */ = {isa = PBXFileReference; lastKnownFileType = text.plist.xml; path = Info.plist; sourceTree = "<group>"; };
		0A5F0D821AEF4221003202AD /* BridgesTests.m */ = {isa = PBXFileReference; lastKnownFileType = sourcecode.c.objc; path = BridgesTests.m; sourceTree = "<group>"; };
		0A5F0F5E1AEF4C61003202AD /* Bridge.h */ = {isa = PBXFileReference; fileEncoding = 4; lastKnownFileType = sourcecode.c.h; path = Bridge.h; sourceTree = "<group>"; };
		0A5F0F5F1AEF4C61003202AD /* Bridge.m */ = {isa = PBXFileReference; fileEncoding = 4; lastKnownFileType = sourcecode.c.objc; path = Bridge.m; sourceTree = "<group>"; };
		0A5F0F611AEF4CD4003202AD /* MapKit.framework */ = {isa = PBXFileReference; lastKnownFileType = wrapper.framework; name = MapKit.framework; path = System/Library/Frameworks/MapKit.framework; sourceTree = SDKROOT; };
		0A5F0F631AEF51F1003202AD /* BridgeIndexViewController.h */ = {isa = PBXFileReference; fileEncoding = 4; lastKnownFileType = sourcecode.c.h; path = BridgeIndexViewController.h; sourceTree = "<group>"; };
		0A5F0F641AEF51F1003202AD /* BridgeIndexViewController.m */ = {isa = PBXFileReference; fileEncoding = 4; lastKnownFileType = sourcecode.c.objc; path = BridgeIndexViewController.m; sourceTree = "<group>"; };
/* End PBXFileReference section */

/* Begin PBXFrameworksBuildPhase section */
		0A5F0D601AEF4220003202AD /* Frameworks */ = {
			isa = PBXFrameworksBuildPhase;
			buildActionMask = 2147483647;
			files = (
				0A5F0F621AEF4CD4003202AD /* MapKit.framework in Frameworks */,
			);
			runOnlyForDeploymentPostprocessing = 0;
		};
		0A5F0D791AEF4221003202AD /* Frameworks */ = {
			isa = PBXFrameworksBuildPhase;
			buildActionMask = 2147483647;
			files = (
			);
			runOnlyForDeploymentPostprocessing = 0;
		};
/* End PBXFrameworksBuildPhase section */

/* Begin PBXGroup section */
		0A1355771AEF67D400431F6A /* bridge_data */ = {
			isa = PBXGroup;
			children = (
				0A1355781AEF67D400431F6A /* american_river */,
				0A13557E1AEF67D400431F6A /* antioch */,
				0A1355831AEF67D400431F6A /* Bridges.plist */,
				0A1355861AEF67D400431F6A /* fair_oaks */,
				0A13558C1AEF67D400431F6A /* freeport */,
				0A1355921AEF67D400431F6A /* georgiana */,
				0A1355971AEF67D400431F6A /* i_street */,
				0A13559D1AEF67D400431F6A /* isleton */,
				0A1355A31AEF67D400431F6A /* jibboom */,
				0A1355A91AEF67D400431F6A /* lake_natoma */,
				0A1355AF1AEF67D400431F6A /* mokelumne_river */,
				0A1355B41AEF67D400431F6A /* mosquito_road */,
				0A1355BA1AEF67D400431F6A /* orangevale_avenue */,
				0A1355C01AEF67D400431F6A /* rainbow */,
				0A1355C61AEF67D400431F6A /* sac_bike_trail */,
				0A1355CC1AEF67D400431F6A /* sacramento_river */,
				0A1355D21AEF67D400431F6A /* steamboat_slough */,
				0A1355D61AEF67D400431F6A /* sutter_slough */,
				0A1355DC1AEF67D400431F6A /* tower */,
				0A1355E21AEF67D400431F6A /* twin_cities */,
				0A1355E71AEF67D400431F6A /* tyler_island */,
			);
			path = bridge_data;
			sourceTree = "<group>";
		};
		0A1355781AEF67D400431F6A /* american_river */ = {
			isa = PBXGroup;
			children = (
				0A1355791AEF67D400431F6A /* 175912-L.jpg */,
				0A13557A1AEF67D400431F6A /* 175913-L.jpg */,
				0A13557B1AEF67D400431F6A /* 175916-L.jpg */,
				0A13557C1AEF67D400431F6A /* 175917-L.jpg */,
				0A13557D1AEF67D400431F6A /* 175919-L.jpg */,
			);
			path = american_river;
			sourceTree = "<group>";
		};
		0A13557E1AEF67D400431F6A /* antioch */ = {
			isa = PBXGroup;
			children = (
				0A13557F1AEF67D400431F6A /* 267677-L.jpg */,
				0A1355801AEF67D400431F6A /* 293538-L.jpg */,
				0A1355811AEF67D400431F6A /* 293539-L.jpg */,
				0A1355821AEF67D400431F6A /* 293543-L.jpg */,
			);
			path = antioch;
			sourceTree = "<group>";
		};
		0A1355861AEF67D400431F6A /* fair_oaks */ = {
			isa = PBXGroup;
			children = (
				0A1355871AEF67D400431F6A /* 150700-L.jpg */,
				0A1355881AEF67D400431F6A /* 176152-L.jpg */,
				0A1355891AEF67D400431F6A /* 176156-L.jpg */,
				0A13558A1AEF67D400431F6A /* 176158-L.jpg */,
				0A13558B1AEF67D400431F6A /* 176160-L.jpg */,
			);
			path = fair_oaks;
			sourceTree = "<group>";
		};
		0A13558C1AEF67D400431F6A /* freeport */ = {
			isa = PBXGroup;
			children = (
				0A13558D1AEF67D400431F6A /* 190400-L.jpg */,
				0A13558E1AEF67D400431F6A /* 190401-L.jpg */,
				0A13558F1AEF67D400431F6A /* 190405-L.jpg */,
				0A1355901AEF67D400431F6A /* 190410-L.jpg */,
				0A1355911AEF67D400431F6A /* 190413-L.jpg */,
			);
			path = freeport;
			sourceTree = "<group>";
		};
		0A1355921AEF67D400431F6A /* georgiana */ = {
			isa = PBXGroup;
			children = (
				0A1355931AEF67D400431F6A /* 155460-L.jpg */,
				0A1355941AEF67D400431F6A /* 155461-L.jpg */,
				0A1355951AEF67D400431F6A /* 155462-L.jpg */,
				0A1355961AEF67D400431F6A /* 155463-L.jpg */,
			);
			path = georgiana;
			sourceTree = "<group>";
		};
		0A1355971AEF67D400431F6A /* i_street */ = {
			isa = PBXGroup;
			children = (
				0A1355981AEF67D400431F6A /* 166363-L.jpg */,
				0A1355991AEF67D400431F6A /* 166364-L.jpg */,
				0A13559A1AEF67D400431F6A /* 166369-L.jpg */,
				0A13559B1AEF67D400431F6A /* 166370-L.jpg */,
				0A13559C1AEF67D400431F6A /* 166372-L.jpg */,
			);
			path = i_street;
			sourceTree = "<group>";
		};
		0A13559D1AEF67D400431F6A /* isleton */ = {
			isa = PBXGroup;
			children = (
				0A13559E1AEF67D400431F6A /* 155429-L.jpg */,
				0A13559F1AEF67D400431F6A /* 155430-L.jpg */,
				0A1355A01AEF67D400431F6A /* 155432-L.jpg */,
				0A1355A11AEF67D400431F6A /* 155434-L.jpg */,
				0A1355A21AEF67D400431F6A /* 571984cr.jpg */,
			);
			path = isleton;
			sourceTree = "<group>";
		};
		0A1355A31AEF67D400431F6A /* jibboom */ = {
			isa = PBXGroup;
			children = (
				0A1355A41AEF67D400431F6A /* 175904-L.jpg */,
				0A1355A51AEF67D400431F6A /* 175906-L.jpg */,
				0A1355A61AEF67D400431F6A /* 175907-L.jpg */,
				0A1355A71AEF67D400431F6A /* 175909-L.jpg */,
				0A1355A81AEF67D400431F6A /* 175911-L.jpg */,
			);
			path = jibboom;
			sourceTree = "<group>";
		};
		0A1355A91AEF67D400431F6A /* lake_natoma */ = {
			isa = PBXGroup;
			children = (
				0A1355AA1AEF67D400431F6A /* 166354-L.jpg */,
				0A1355AB1AEF67D400431F6A /* 166355-L.jpg */,
				0A1355AC1AEF67D400431F6A /* 166356-L.jpg */,
				0A1355AD1AEF67D400431F6A /* 166358-L.jpg */,
				0A1355AE1AEF67D400431F6A /* 166359-L.jpg */,
			);
			path = lake_natoma;
			sourceTree = "<group>";
		};
		0A1355AF1AEF67D400431F6A /* mokelumne_river */ = {
			isa = PBXGroup;
			children = (
				0A1355B01AEF67D400431F6A /* 155407-L.jpg */,
				0A1355B11AEF67D400431F6A /* 155408-L.jpg */,
				0A1355B21AEF67D400431F6A /* 155409-L.jpg */,
				0A1355B31AEF67D400431F6A /* 264076-L.jpg */,
			);
			path = mokelumne_river;
			sourceTree = "<group>";
		};
		0A1355B41AEF67D400431F6A /* mosquito_road */ = {
			isa = PBXGroup;
			children = (
				0A1355B51AEF67D400431F6A /* 221021-L.jpg */,
				0A1355B61AEF67D400431F6A /* 221022-L.jpg */,
				0A1355B71AEF67D400431F6A /* 221023-L.jpg */,
				0A1355B81AEF67D400431F6A /* 221031-L.jpg */,
				0A1355B91AEF67D400431F6A /* 221037-L.jpg */,
			);
			path = mosquito_road;
			sourceTree = "<group>";
		};
		0A1355BA1AEF67D400431F6A /* orangevale_avenue */ = {
			isa = PBXGroup;
			children = (
				0A1355BB1AEF67D400431F6A /* 200181-L.jpg */,
				0A1355BC1AEF67D400431F6A /* 200182-L.jpg */,
				0A1355BD1AEF67D400431F6A /* 200184-L.jpg */,
				0A1355BE1AEF67D400431F6A /* 200185-L.jpg */,
				0A1355BF1AEF67D400431F6A /* 200188-L.jpg */,
			);
			path = orangevale_avenue;
			sourceTree = "<group>";
		};
		0A1355C01AEF67D400431F6A /* rainbow */ = {
			isa = PBXGroup;
			children = (
				0A1355C11AEF67D400431F6A /* 166349-L.jpg */,
				0A1355C21AEF67D400431F6A /* 166350-L.jpg */,
				0A1355C31AEF67D400431F6A /* 166351-L.jpg */,
				0A1355C41AEF67D400431F6A /* 166352-L.jpg */,
				0A1355C51AEF67D400431F6A /* 166353-L.jpg */,
			);
			path = rainbow;
			sourceTree = "<group>";
		};
		0A1355C61AEF67D400431F6A /* sac_bike_trail */ = {
			isa = PBXGroup;
			children = (
				0A1355C71AEF67D400431F6A /* 166414-L.jpg */,
				0A1355C81AEF67D400431F6A /* 175923-L.jpg */,
				0A1355C91AEF67D400431F6A /* 175924-L.jpg */,
				0A1355CA1AEF67D400431F6A /* 175926-L.jpg */,
				0A1355CB1AEF67D400431F6A /* 175927-L.jpg */,
			);
			path = sac_bike_trail;
			sourceTree = "<group>";
		};
		0A1355CC1AEF67D400431F6A /* sacramento_river */ = {
			isa = PBXGroup;
			children = (
				0A1355CD1AEF67D400431F6A /* 155405-L.jpg */,
				0A1355CE1AEF67D400431F6A /* 155406-L.jpg */,
				0A1355CF1AEF67D400431F6A /* 223347-L.jpg */,
				0A1355D01AEF67D400431F6A /* 241649-L.jpg */,
				0A1355D11AEF67D400431F6A /* 241651-L.jpg */,
			);
			path = sacramento_river;
			sourceTree = "<group>";
		};
		0A1355D21AEF67D400431F6A /* steamboat_slough */ = {
			isa = PBXGroup;
			children = (
				0A1355D31AEF67D400431F6A /* 155439-L.jpg */,
				0A1355D41AEF67D400431F6A /* 155441-L.jpg */,
				0A1355D51AEF67D400431F6A /* 155443-L.jpg */,
			);
			path = steamboat_slough;
			sourceTree = "<group>";
		};
		0A1355D61AEF67D400431F6A /* sutter_slough */ = {
			isa = PBXGroup;
			children = (
				0A1355D71AEF67D400431F6A /* 190476-L.jpg */,
				0A1355D81AEF67D400431F6A /* 190478-L.jpg */,
				0A1355D91AEF67D400431F6A /* 190482-L.jpg */,
				0A1355DA1AEF67D400431F6A /* 190483-L.jpg */,
				0A1355DB1AEF67D400431F6A /* 190485-L.jpg */,
			);
			path = sutter_slough;
			sourceTree = "<group>";
		};
		0A1355DC1AEF67D400431F6A /* tower */ = {
			isa = PBXGroup;
			children = (
				0A1355DD1AEF67D400431F6A /* 134990-L.jpg */,
				0A1355DE1AEF67D400431F6A /* 134992-L.jpg */,
				0A1355DF1AEF67D400431F6A /* 166361-L.jpg */,
				0A1355E01AEF67D400431F6A /* 175899-L.jpg */,
				0A1355E11AEF67D400431F6A /* 175900-L.jpg */,
			);
			path = tower;
			sourceTree = "<group>";
		};
		0A1355E21AEF67D400431F6A /* twin_cities */ = {
			isa = PBXGroup;
			children = (
				0A1355E31AEF67D400431F6A /* 155444-L.jpg */,
				0A1355E41AEF67D400431F6A /* 155447-L.jpg */,
				0A1355E51AEF67D400431F6A /* 155448-L.jpg */,
				0A1355E61AEF67D400431F6A /* 155449-L.jpg */,
			);
			path = twin_cities;
			sourceTree = "<group>";
		};
		0A1355E71AEF67D400431F6A /* tyler_island */ = {
			isa = PBXGroup;
			children = (
				0A1355E81AEF67D400431F6A /* 200197-L.jpg */,
				0A1355E91AEF67D400431F6A /* 200199-L.jpg */,
				0A1355EA1AEF67D400431F6A /* 200200-L.jpg */,
				0A1355EB1AEF67D400431F6A /* 200201-L.jpg */,
				0A1355EC1AEF67D400431F6A /* 200202-L.jpg */,
			);
			path = tyler_island;
			sourceTree = "<group>";
		};
		0A5F0D5A1AEF4220003202AD = {
			isa = PBXGroup;
			children = (
				0A5F0F611AEF4CD4003202AD /* MapKit.framework */,
				0A5F0D651AEF4220003202AD /* Bridges */,
				0A5F0D7F1AEF4221003202AD /* BridgesTests */,
				0A5F0D641AEF4220003202AD /* Products */,
			);
			sourceTree = "<group>";
		};
		0A5F0D641AEF4220003202AD /* Products */ = {
			isa = PBXGroup;
			children = (
				0A5F0D631AEF4220003202AD /* Bridges.app */,
				0A5F0D7C1AEF4221003202AD /* BridgesTests.xctest */,
			);
			name = Products;
			sourceTree = "<group>";
		};
		0A5F0D651AEF4220003202AD /* Bridges */ = {
			isa = PBXGroup;
			children = (
				0A5F0D6A1AEF4220003202AD /* AppDelegate.h */,
				0A5F0D6B1AEF4220003202AD /* AppDelegate.m */,
				0A5F0D701AEF4220003202AD /* Main.storyboard */,
				0A5F0D731AEF4220003202AD /* Images.xcassets */,
				0A5F0D751AEF4220003202AD /* LaunchScreen.xib */,
				0A5F0D661AEF4220003202AD /* Supporting Files */,
				0A5F0F5E1AEF4C61003202AD /* Bridge.h */,
				0A5F0F5F1AEF4C61003202AD /* Bridge.m */,
				0A5F0F631AEF51F1003202AD /* BridgeIndexViewController.h */,
				0A5F0F641AEF51F1003202AD /* BridgeIndexViewController.m */,
				0A13564E1AEF6C0A00431F6A /* BridgeTableViewCell.h */,
				0A13564F1AEF6C0A00431F6A /* BridgeTableViewCell.m */,
				0A1356511AEF6FBF00431F6A /* BridgeDetailViewController.h */,
				0A1356521AEF6FBF00431F6A /* BridgeDetailViewController.m */,
			);
			path = Bridges;
			sourceTree = "<group>";
		};
		0A5F0D661AEF4220003202AD /* Supporting Files */ = {
			isa = PBXGroup;
			children = (
				0A1355771AEF67D400431F6A /* bridge_data */,
				0A5F0D671AEF4220003202AD /* Info.plist */,
				0A5F0D681AEF4220003202AD /* main.m */,
			);
			name = "Supporting Files";
			sourceTree = "<group>";
		};
		0A5F0D7F1AEF4221003202AD /* BridgesTests */ = {
			isa = PBXGroup;
			children = (
				0A5F0D821AEF4221003202AD /* BridgesTests.m */,
				0A5F0D801AEF4221003202AD /* Supporting Files */,
			);
			path = BridgesTests;
			sourceTree = "<group>";
		};
		0A5F0D801AEF4221003202AD /* Supporting Files */ = {
			isa = PBXGroup;
			children = (
				0A5F0D811AEF4221003202AD /* Info.plist */,
			);
			name = "Supporting Files";
			sourceTree = "<group>";
		};
/* End PBXGroup section */

/* Begin PBXNativeTarget section */
		0A5F0D621AEF4220003202AD /* Bridges */ = {
			isa = PBXNativeTarget;
			buildConfigurationList = 0A5F0D861AEF4221003202AD /* Build configuration list for PBXNativeTarget "Bridges" */;
			buildPhases = (
				0A5F0D5F1AEF4220003202AD /* Sources */,
				0A5F0D601AEF4220003202AD /* Frameworks */,
				0A5F0D611AEF4220003202AD /* Resources */,
			);
			buildRules = (
			);
			dependencies = (
			);
			name = Bridges;
			productName = Bridges;
			productReference = 0A5F0D631AEF4220003202AD /* Bridges.app */;
			productType = "com.apple.product-type.application";
		};
		0A5F0D7B1AEF4221003202AD /* BridgesTests */ = {
			isa = PBXNativeTarget;
			buildConfigurationList = 0A5F0D891AEF4221003202AD /* Build configuration list for PBXNativeTarget "BridgesTests" */;
			buildPhases = (
				0A5F0D781AEF4221003202AD /* Sources */,
				0A5F0D791AEF4221003202AD /* Frameworks */,
				0A5F0D7A1AEF4221003202AD /* Resources */,
			);
			buildRules = (
			);
			dependencies = (
				0A5F0D7E1AEF4221003202AD /* PBXTargetDependency */,
			);
			name = BridgesTests;
			productName = BridgesTests;
			productReference = 0A5F0D7C1AEF4221003202AD /* BridgesTests.xctest */;
			productType = "com.apple.product-type.bundle.unit-test";
		};
/* End PBXNativeTarget section */

/* Begin PBXProject section */
		0A5F0D5B1AEF4220003202AD /* Project object */ = {
			isa = PBXProject;
			attributes = {
				LastUpgradeCheck = 0630;
				ORGANIZATIONNAME = SacMobile;
				TargetAttributes = {
					0A5F0D621AEF4220003202AD = {
						CreatedOnToolsVersion = 6.3.1;
					};
					0A5F0D7B1AEF4221003202AD = {
						CreatedOnToolsVersion = 6.3.1;
						TestTargetID = 0A5F0D621AEF4220003202AD;
					};
				};
			};
			buildConfigurationList = 0A5F0D5E1AEF4220003202AD /* Build configuration list for PBXProject "Bridges" */;
			compatibilityVersion = "Xcode 3.2";
			developmentRegion = English;
			hasScannedForEncodings = 0;
			knownRegions = (
				en,
				Base,
			);
			mainGroup = 0A5F0D5A1AEF4220003202AD;
			productRefGroup = 0A5F0D641AEF4220003202AD /* Products */;
			projectDirPath = "";
			projectRoot = "";
			targets = (
				0A5F0D621AEF4220003202AD /* Bridges */,
				0A5F0D7B1AEF4221003202AD /* BridgesTests */,
			);
		};
/* End PBXProject section */

/* Begin PBXResourcesBuildPhase section */
		0A5F0D611AEF4220003202AD /* Resources */ = {
			isa = PBXResourcesBuildPhase;
			buildActionMask = 2147483647;
			files = (
				0A1356411AEF67D400431F6A /* 134992-L.jpg in Resources */,
				0A13563E1AEF67D400431F6A /* 190483-L.jpg in Resources */,
				0A1356151AEF67D400431F6A /* 175911-L.jpg in Resources */,
				0A1356431AEF67D400431F6A /* 175899-L.jpg in Resources */,
				0A1356191AEF67D400431F6A /* 166358-L.jpg in Resources */,
				0A1356081AEF67D400431F6A /* 166364-L.jpg in Resources */,
				0A13564D1AEF67D400431F6A /* 200202-L.jpg in Resources */,
				0A13562F1AEF67D400431F6A /* 175923-L.jpg in Resources */,
				0A1355F21AEF67D400431F6A /* 267677-L.jpg in Resources */,
				0A13562D1AEF67D400431F6A /* 166353-L.jpg in Resources */,
				0A1356181AEF67D400431F6A /* 166356-L.jpg in Resources */,
				0A1355F91AEF67D400431F6A /* 150700-L.jpg in Resources */,
				0A1355F01AEF67D400431F6A /* 175917-L.jpg in Resources */,
				0A1356011AEF67D400431F6A /* 190410-L.jpg in Resources */,
				0A13561F1AEF67D400431F6A /* 221021-L.jpg in Resources */,
				0A13563C1AEF67D400431F6A /* 190478-L.jpg in Resources */,
				0A1356461AEF67D400431F6A /* 155447-L.jpg in Resources */,
				0A5F0D721AEF4220003202AD /* Main.storyboard in Resources */,
				0A1356221AEF67D400431F6A /* 221031-L.jpg in Resources */,
				0A13562C1AEF67D400431F6A /* 166352-L.jpg in Resources */,
				0A1356261AEF67D400431F6A /* 200184-L.jpg in Resources */,
				0A1356481AEF67D400431F6A /* 155449-L.jpg in Resources */,
				0A13563D1AEF67D400431F6A /* 190482-L.jpg in Resources */,
				0A1356161AEF67D400431F6A /* 166354-L.jpg in Resources */,
				0A13560E1AEF67D400431F6A /* 155432-L.jpg in Resources */,
				0A1356121AEF67D400431F6A /* 175906-L.jpg in Resources */,
				0A13561D1AEF67D400431F6A /* 155409-L.jpg in Resources */,
				0A13560C1AEF67D400431F6A /* 155429-L.jpg in Resources */,
				0A1355F41AEF67D400431F6A /* 293539-L.jpg in Resources */,
				0A1356401AEF67D400431F6A /* 134990-L.jpg in Resources */,
				0A1355FD1AEF67D400431F6A /* 176160-L.jpg in Resources */,
				0A1356331AEF67D400431F6A /* 155405-L.jpg in Resources */,
				0A1356071AEF67D400431F6A /* 166363-L.jpg in Resources */,
				0A1356021AEF67D400431F6A /* 190413-L.jpg in Resources */,
				0A1355FE1AEF67D400431F6A /* 190400-L.jpg in Resources */,
				0A1356041AEF67D400431F6A /* 155461-L.jpg in Resources */,
				0A1356111AEF67D400431F6A /* 175904-L.jpg in Resources */,
				0A13561E1AEF67D400431F6A /* 264076-L.jpg in Resources */,
				0A1355FF1AEF67D400431F6A /* 190401-L.jpg in Resources */,
				0A1356241AEF67D400431F6A /* 200181-L.jpg in Resources */,
				0A1356341AEF67D400431F6A /* 155406-L.jpg in Resources */,
				0A13563F1AEF67D400431F6A /* 190485-L.jpg in Resources */,
				0A1356451AEF67D400431F6A /* 155444-L.jpg in Resources */,
				0A13561A1AEF67D400431F6A /* 166359-L.jpg in Resources */,
				0A1356231AEF67D400431F6A /* 221037-L.jpg in Resources */,
				0A1356251AEF67D400431F6A /* 200182-L.jpg in Resources */,
				0A13564C1AEF67D400431F6A /* 200201-L.jpg in Resources */,
				0A1355EF1AEF67D400431F6A /* 175916-L.jpg in Resources */,
				0A1356421AEF67D400431F6A /* 166361-L.jpg in Resources */,
				0A13562A1AEF67D400431F6A /* 166350-L.jpg in Resources */,
				0A13564A1AEF67D400431F6A /* 200199-L.jpg in Resources */,
				0A1356101AEF67D400431F6A /* 571984cr.jpg in Resources */,
				0A1356371AEF67D400431F6A /* 241651-L.jpg in Resources */,
				0A1356391AEF67D400431F6A /* 155441-L.jpg in Resources */,
				0A1355FA1AEF67D400431F6A /* 176152-L.jpg in Resources */,
				0A1356301AEF67D400431F6A /* 175924-L.jpg in Resources */,
				0A13560F1AEF67D400431F6A /* 155434-L.jpg in Resources */,
				0A1356381AEF67D400431F6A /* 155439-L.jpg in Resources */,
				0A1356031AEF67D400431F6A /* 155460-L.jpg in Resources */,
				0A1355FC1AEF67D400431F6A /* 176158-L.jpg in Resources */,
				0A1356271AEF67D400431F6A /* 200185-L.jpg in Resources */,
				0A1356091AEF67D400431F6A /* 166369-L.jpg in Resources */,
				0A13564B1AEF67D400431F6A /* 200200-L.jpg in Resources */,
				0A1356141AEF67D400431F6A /* 175909-L.jpg in Resources */,
				0A1355F31AEF67D400431F6A /* 293538-L.jpg in Resources */,
				0A1356351AEF67D400431F6A /* 223347-L.jpg in Resources */,
				0A13560B1AEF67D400431F6A /* 166372-L.jpg in Resources */,
				0A1355F51AEF67D400431F6A /* 293543-L.jpg in Resources */,
				0A1356211AEF67D400431F6A /* 221023-L.jpg in Resources */,
				0A1356361AEF67D400431F6A /* 241649-L.jpg in Resources */,
				0A1356171AEF67D400431F6A /* 166355-L.jpg in Resources */,
				0A1356441AEF67D400431F6A /* 175900-L.jpg in Resources */,
				0A1355ED1AEF67D400431F6A /* 175912-L.jpg in Resources */,
				0A1356491AEF67D400431F6A /* 200197-L.jpg in Resources */,
				0A1356201AEF67D400431F6A /* 221022-L.jpg in Resources */,
				0A1355FB1AEF67D400431F6A /* 176156-L.jpg in Resources */,
				0A13562E1AEF67D400431F6A /* 166414-L.jpg in Resources */,
				0A1356291AEF67D400431F6A /* 166349-L.jpg in Resources */,
				0A13563A1AEF67D400431F6A /* 155443-L.jpg in Resources */,
				0A1356131AEF67D400431F6A /* 175907-L.jpg in Resources */,
				0A13562B1AEF67D400431F6A /* 166351-L.jpg in Resources */,
				0A1355F11AEF67D400431F6A /* 175919-L.jpg in Resources */,
				0A5F0D771AEF4220003202AD /* LaunchScreen.xib in Resources */,
				0A1355F61AEF67D400431F6A /* Bridges.plist in Resources */,
				0A1356061AEF67D400431F6A /* 155463-L.jpg in Resources */,
				0A13561C1AEF67D400431F6A /* 155408-L.jpg in Resources */,
				0A5F0D741AEF4220003202AD /* Images.xcassets in Resources */,
				0A1356471AEF67D400431F6A /* 155448-L.jpg in Resources */,
				0A1355EE1AEF67D400431F6A /* 175913-L.jpg in Resources */,
				0A1356001AEF67D400431F6A /* 190405-L.jpg in Resources */,
				0A1356311AEF67D400431F6A /* 175926-L.jpg in Resources */,
				0A1356321AEF67D400431F6A /* 175927-L.jpg in Resources */,
				0A13561B1AEF67D400431F6A /* 155407-L.jpg in Resources */,
				0A1356281AEF67D400431F6A /* 200188-L.jpg in Resources */,
				0A13560A1AEF67D400431F6A /* 166370-L.jpg in Resources */,
				0A13560D1AEF67D400431F6A /* 155430-L.jpg in Resources */,
				0A1356051AEF67D400431F6A /* 155462-L.jpg in Resources */,
				0A13563B1AEF67D400431F6A /* 190476-L.jpg in Resources */,
			);
			runOnlyForDeploymentPostprocessing = 0;
		};
		0A5F0D7A1AEF4221003202AD /* Resources */ = {
			isa = PBXResourcesBuildPhase;
			buildActionMask = 2147483647;
			files = (
			);
			runOnlyForDeploymentPostprocessing = 0;
		};
/* End PBXResourcesBuildPhase section */

/* Begin PBXSourcesBuildPhase section */
		0A5F0D5F1AEF4220003202AD /* Sources */ = {
			isa = PBXSourcesBuildPhase;
			buildActionMask = 2147483647;
			files = (
				0A5F0F601AEF4C61003202AD /* Bridge.m in Sources */,
				0A1356501AEF6C0A00431F6A /* BridgeTableViewCell.m in Sources */,
				0A5F0D6C1AEF4220003202AD /* AppDelegate.m in Sources */,
				0A5F0F651AEF51F1003202AD /* BridgeIndexViewController.m in Sources */,
				0A1356531AEF6FBF00431F6A /* BridgeDetailViewController.m in Sources */,
				0A5F0D691AEF4220003202AD /* main.m in Sources */,
			);
			runOnlyForDeploymentPostprocessing = 0;
		};
		0A5F0D781AEF4221003202AD /* Sources */ = {
			isa = PBXSourcesBuildPhase;
			buildActionMask = 2147483647;
			files = (
				0A5F0D831AEF4221003202AD /* BridgesTests.m in Sources */,
			);
			runOnlyForDeploymentPostprocessing = 0;
		};
/* End PBXSourcesBuildPhase section */

/* Begin PBXTargetDependency section */
		0A5F0D7E1AEF4221003202AD /* PBXTargetDependency */ = {
			isa = PBXTargetDependency;
			target = 0A5F0D621AEF4220003202AD /* Bridges */;
			targetProxy = 0A5F0D7D1AEF4221003202AD /* PBXContainerItemProxy */;
		};
/* End PBXTargetDependency section */

/* Begin PBXVariantGroup section */
		0A5F0D701AEF4220003202AD /* Main.storyboard */ = {
			isa = PBXVariantGroup;
			children = (
				0A5F0D711AEF4220003202AD /* Base */,
			);
			name = Main.storyboard;
			sourceTree = "<group>";
		};
		0A5F0D751AEF4220003202AD /* LaunchScreen.xib */ = {
			isa = PBXVariantGroup;
			children = (
				0A5F0D761AEF4220003202AD /* Base */,
			);
			name = LaunchScreen.xib;
			sourceTree = "<group>";
		};
/* End PBXVariantGroup section */

/* Begin XCBuildConfiguration section */
		0A5F0D841AEF4221003202AD /* Debug */ = {
			isa = XCBuildConfiguration;
			buildSettings = {
				ALWAYS_SEARCH_USER_PATHS = NO;
				CLANG_CXX_LANGUAGE_STANDARD = "gnu++0x";
				CLANG_CXX_LIBRARY = "libc++";
				CLANG_ENABLE_MODULES = YES;
				CLANG_ENABLE_OBJC_ARC = YES;
				CLANG_WARN_BOOL_CONVERSION = YES;
				CLANG_WARN_CONSTANT_CONVERSION = YES;
				CLANG_WARN_DIRECT_OBJC_ISA_USAGE = YES_ERROR;
				CLANG_WARN_EMPTY_BODY = YES;
				CLANG_WARN_ENUM_CONVERSION = YES;
				CLANG_WARN_INT_CONVERSION = YES;
				CLANG_WARN_OBJC_ROOT_CLASS = YES_ERROR;
				CLANG_WARN_UNREACHABLE_CODE = YES;
				CLANG_WARN__DUPLICATE_METHOD_MATCH = YES;
				"CODE_SIGN_IDENTITY[sdk=iphoneos*]" = "iPhone Developer";
				COPY_PHASE_STRIP = NO;
				DEBUG_INFORMATION_FORMAT = "dwarf-with-dsym";
				ENABLE_STRICT_OBJC_MSGSEND = YES;
				GCC_C_LANGUAGE_STANDARD = gnu99;
				GCC_DYNAMIC_NO_PIC = NO;
				GCC_NO_COMMON_BLOCKS = YES;
				GCC_OPTIMIZATION_LEVEL = 0;
				GCC_PREPROCESSOR_DEFINITIONS = (
					"DEBUG=1",
					"$(inherited)",
				);
				GCC_SYMBOLS_PRIVATE_EXTERN = NO;
				GCC_WARN_64_TO_32_BIT_CONVERSION = YES;
				GCC_WARN_ABOUT_RETURN_TYPE = YES_ERROR;
				GCC_WARN_UNDECLARED_SELECTOR = YES;
				GCC_WARN_UNINITIALIZED_AUTOS = YES_AGGRESSIVE;
				GCC_WARN_UNUSED_FUNCTION = YES;
				GCC_WARN_UNUSED_VARIABLE = YES;
				IPHONEOS_DEPLOYMENT_TARGET = 8.3;
				MTL_ENABLE_DEBUG_INFO = YES;
				ONLY_ACTIVE_ARCH = YES;
				SDKROOT = iphoneos;
			};
			name = Debug;
		};
		0A5F0D851AEF4221003202AD /* Release */ = {
			isa = XCBuildConfiguration;
			buildSettings = {
				ALWAYS_SEARCH_USER_PATHS = NO;
				CLANG_CXX_LANGUAGE_STANDARD = "gnu++0x";
				CLANG_CXX_LIBRARY = "libc++";
				CLANG_ENABLE_MODULES = YES;
				CLANG_ENABLE_OBJC_ARC = YES;
				CLANG_WARN_BOOL_CONVERSION = YES;
				CLANG_WARN_CONSTANT_CONVERSION = YES;
				CLANG_WARN_DIRECT_OBJC_ISA_USAGE = YES_ERROR;
				CLANG_WARN_EMPTY_BODY = YES;
				CLANG_WARN_ENUM_CONVERSION = YES;
				CLANG_WARN_INT_CONVERSION = YES;
				CLANG_WARN_OBJC_ROOT_CLASS = YES_ERROR;
				CLANG_WARN_UNREACHABLE_CODE = YES;
				CLANG_WARN__DUPLICATE_METHOD_MATCH = YES;
				"CODE_SIGN_IDENTITY[sdk=iphoneos*]" = "iPhone Developer";
				COPY_PHASE_STRIP = NO;
				DEBUG_INFORMATION_FORMAT = "dwarf-with-dsym";
				ENABLE_NS_ASSERTIONS = NO;
				ENABLE_STRICT_OBJC_MSGSEND = YES;
				GCC_C_LANGUAGE_STANDARD = gnu99;
				GCC_NO_COMMON_BLOCKS = YES;
				GCC_WARN_64_TO_32_BIT_CONVERSION = YES;
				GCC_WARN_ABOUT_RETURN_TYPE = YES_ERROR;
				GCC_WARN_UNDECLARED_SELECTOR = YES;
				GCC_WARN_UNINITIALIZED_AUTOS = YES_AGGRESSIVE;
				GCC_WARN_UNUSED_FUNCTION = YES;
				GCC_WARN_UNUSED_VARIABLE = YES;
				IPHONEOS_DEPLOYMENT_TARGET = 8.3;
				MTL_ENABLE_DEBUG_INFO = NO;
				SDKROOT = iphoneos;
				VALIDATE_PRODUCT = YES;
			};
			name = Release;
		};
		0A5F0D871AEF4221003202AD /* Debug */ = {
			isa = XCBuildConfiguration;
			buildSettings = {
				ASSETCATALOG_COMPILER_APPICON_NAME = AppIcon;
				INFOPLIST_FILE = Bridges/Info.plist;
				LD_RUNPATH_SEARCH_PATHS = "$(inherited) @executable_path/Frameworks";
				PRODUCT_NAME = "$(TARGET_NAME)";
			};
			name = Debug;
		};
		0A5F0D881AEF4221003202AD /* Release */ = {
			isa = XCBuildConfiguration;
			buildSettings = {
				ASSETCATALOG_COMPILER_APPICON_NAME = AppIcon;
				INFOPLIST_FILE = Bridges/Info.plist;
				LD_RUNPATH_SEARCH_PATHS = "$(inherited) @executable_path/Frameworks";
				PRODUCT_NAME = "$(TARGET_NAME)";
			};
			name = Release;
		};
		0A5F0D8A1AEF4221003202AD /* Debug */ = {
			isa = XCBuildConfiguration;
			buildSettings = {
				BUNDLE_LOADER = "$(TEST_HOST)";
				FRAMEWORK_SEARCH_PATHS = (
					"$(SDKROOT)/Developer/Library/Frameworks",
					"$(inherited)",
				);
				GCC_PREPROCESSOR_DEFINITIONS = (
					"DEBUG=1",
					"$(inherited)",
				);
				INFOPLIST_FILE = BridgesTests/Info.plist;
				LD_RUNPATH_SEARCH_PATHS = "$(inherited) @executable_path/Frameworks @loader_path/Frameworks";
				PRODUCT_NAME = "$(TARGET_NAME)";
				TEST_HOST = "$(BUILT_PRODUCTS_DIR)/Bridges.app/Bridges";
			};
			name = Debug;
		};
		0A5F0D8B1AEF4221003202AD /* Release */ = {
			isa = XCBuildConfiguration;
			buildSettings = {
				BUNDLE_LOADER = "$(TEST_HOST)";
				FRAMEWORK_SEARCH_PATHS = (
					"$(SDKROOT)/Developer/Library/Frameworks",
					"$(inherited)",
				);
				INFOPLIST_FILE = BridgesTests/Info.plist;
				LD_RUNPATH_SEARCH_PATHS = "$(inherited) @executable_path/Frameworks @loader_path/Frameworks";
				PRODUCT_NAME = "$(TARGET_NAME)";
				TEST_HOST = "$(BUILT_PRODUCTS_DIR)/Bridges.app/Bridges";
			};
			name = Release;
		};
/* End XCBuildConfiguration section */

/* Begin XCConfigurationList section */
		0A5F0D5E1AEF4220003202AD /* Build configuration list for PBXProject "Bridges" */ = {
			isa = XCConfigurationList;
			buildConfigurations = (
				0A5F0D841AEF4221003202AD /* Debug */,
				0A5F0D851AEF4221003202AD /* Release */,
			);
			defaultConfigurationIsVisible = 0;
			defaultConfigurationName = Release;
		};
		0A5F0D861AEF4221003202AD /* Build configuration list for PBXNativeTarget "Bridges" */ = {
			isa = XCConfigurationList;
			buildConfigurations = (
				0A5F0D871AEF4221003202AD /* Debug */,
				0A5F0D881AEF4221003202AD /* Release */,
			);
			defaultConfigurationIsVisible = 0;
			defaultConfigurationName = Release;
		};
		0A5F0D891AEF4221003202AD /* Build configuration list for PBXNativeTarget "BridgesTests" */ = {
			isa = XCConfigurationList;
			buildConfigurations = (
				0A5F0D8A1AEF4221003202AD /* Debug */,
				0A5F0D8B1AEF4221003202AD /* Release */,
			);
			defaultConfigurationIsVisible = 0;
			defaultConfigurationName = Release;
		};
/* End XCConfigurationList section */
	};
	rootObject = 0A5F0D5B1AEF4220003202AD /* Project object */;
}
